// !$*UTF8*$!
{
	archiveVersion = 1;
	classes = {
	};
	objectVersion = 46;
	objects = {

/* Begin PBXBuildFile section */
		19D4CFF83089228A3DE627EB /* Pods_TuneMinderTests.framework in Frameworks */ = {isa = PBXBuildFile; fileRef = 0D5A6EE888F0468C7B2CF587 /* Pods_TuneMinderTests.framework */; };
		BD539CF760A804EDF3DEBE5E /* Pods_TuneMinder.framework in Frameworks */ = {isa = PBXBuildFile; fileRef = E1F320874431333AC89D08E3 /* Pods_TuneMinder.framework */; };
		C2BA37AA693625C236FD2652 /* Pods_TuneMinderUITests.framework in Frameworks */ = {isa = PBXBuildFile; fileRef = F74FEF25133F561925F88D10 /* Pods_TuneMinderUITests.framework */; };
		DC58C0E31EE4BB0800CB57B1 /* TagsViewController.swift in Sources */ = {isa = PBXBuildFile; fileRef = DC58C0E21EE4BB0800CB57B1 /* TagsViewController.swift */; };
		DC58C0E51EE4BC9400CB57B1 /* SettingsViewController.swift in Sources */ = {isa = PBXBuildFile; fileRef = DC58C0E41EE4BC9400CB57B1 /* SettingsViewController.swift */; };
		DC9844181EDEAA8200065B8C /* AppDelegate.swift in Sources */ = {isa = PBXBuildFile; fileRef = DC9844171EDEAA8200065B8C /* AppDelegate.swift */; };
		DC98441A1EDEAA8200065B8C /* CameraViewController.swift in Sources */ = {isa = PBXBuildFile; fileRef = DC9844191EDEAA8200065B8C /* CameraViewController.swift */; };
		DC98441C1EDEAA8200065B8C /* PhotosViewController.swift in Sources */ = {isa = PBXBuildFile; fileRef = DC98441B1EDEAA8200065B8C /* PhotosViewController.swift */; };
		DC98441F1EDEAA8200065B8C /* Main.storyboard in Resources */ = {isa = PBXBuildFile; fileRef = DC98441D1EDEAA8200065B8C /* Main.storyboard */; };
		DC9844211EDEAA8200065B8C /* Assets.xcassets in Resources */ = {isa = PBXBuildFile; fileRef = DC9844201EDEAA8200065B8C /* Assets.xcassets */; };
		DC9844241EDEAA8200065B8C /* LaunchScreen.storyboard in Resources */ = {isa = PBXBuildFile; fileRef = DC9844221EDEAA8200065B8C /* LaunchScreen.storyboard */; };
		DC98442F1EDEAA8200065B8C /* TuneMinderTests.swift in Sources */ = {isa = PBXBuildFile; fileRef = DC98442E1EDEAA8200065B8C /* TuneMinderTests.swift */; };
		DC98443A1EDEAA8200065B8C /* TuneMinderUITests.swift in Sources */ = {isa = PBXBuildFile; fileRef = DC9844391EDEAA8200065B8C /* TuneMinderUITests.swift */; };
		DC9844481EDFE97E00065B8C /* GoogleService-Info.plist in Resources */ = {isa = PBXBuildFile; fileRef = DC9844471EDFE97E00065B8C /* GoogleService-Info.plist */; };
		DCAA94AF1EECBF7300E93339 /* Model.xcdatamodeld in Sources */ = {isa = PBXBuildFile; fileRef = DCAA94AD1EECBF7300E93339 /* Model.xcdatamodeld */; };
		DCAA94B11EEE0E4700E93339 /* DetailViewController.swift in Sources */ = {isa = PBXBuildFile; fileRef = DCAA94B01EEE0E4700E93339 /* DetailViewController.swift */; };
/* End PBXBuildFile section */

/* Begin PBXContainerItemProxy section */
		DC98442B1EDEAA8200065B8C /* PBXContainerItemProxy */ = {
			isa = PBXContainerItemProxy;
			containerPortal = DC98440C1EDEAA8200065B8C /* Project object */;
			proxyType = 1;
			remoteGlobalIDString = DC9844131EDEAA8200065B8C;
			remoteInfo = TuneMinder;
		};
		DC9844361EDEAA8200065B8C /* PBXContainerItemProxy */ = {
			isa = PBXContainerItemProxy;
			containerPortal = DC98440C1EDEAA8200065B8C /* Project object */;
			proxyType = 1;
			remoteGlobalIDString = DC9844131EDEAA8200065B8C;
			remoteInfo = TuneMinder;
		};
/* End PBXContainerItemProxy section */

/* Begin PBXFileReference section */
		0D5A6EE888F0468C7B2CF587 /* Pods_TuneMinderTests.framework */ = {isa = PBXFileReference; explicitFileType = wrapper.framework; includeInIndex = 0; path = Pods_TuneMinderTests.framework; sourceTree = BUILT_PRODUCTS_DIR; };
		26601CE0C425254F16898A4C /* Pods-TuneMinderTests.debug.xcconfig */ = {isa = PBXFileReference; includeInIndex = 1; lastKnownFileType = text.xcconfig; name = "Pods-TuneMinderTests.debug.xcconfig"; path = "Pods/Target Support Files/Pods-TuneMinderTests/Pods-TuneMinderTests.debug.xcconfig"; sourceTree = "<group>"; };
		67DE2C25F9B8F43EB2CE2B82 /* Pods-TuneMinder.debug.xcconfig */ = {isa = PBXFileReference; includeInIndex = 1; lastKnownFileType = text.xcconfig; name = "Pods-TuneMinder.debug.xcconfig"; path = "Pods/Target Support Files/Pods-TuneMinder/Pods-TuneMinder.debug.xcconfig"; sourceTree = "<group>"; };
		8BA0D5D5D94B4C82C97D41DF /* Pods-TuneMinder.release.xcconfig */ = {isa = PBXFileReference; includeInIndex = 1; lastKnownFileType = text.xcconfig; name = "Pods-TuneMinder.release.xcconfig"; path = "Pods/Target Support Files/Pods-TuneMinder/Pods-TuneMinder.release.xcconfig"; sourceTree = "<group>"; };
		A7A9F5B1316F701F213BCAD1 /* Pods-TuneMinderTests.release.xcconfig */ = {isa = PBXFileReference; includeInIndex = 1; lastKnownFileType = text.xcconfig; name = "Pods-TuneMinderTests.release.xcconfig"; path = "Pods/Target Support Files/Pods-TuneMinderTests/Pods-TuneMinderTests.release.xcconfig"; sourceTree = "<group>"; };
		CAA85466EAE44C88836BC832 /* Pods-TuneMinderUITests.debug.xcconfig */ = {isa = PBXFileReference; includeInIndex = 1; lastKnownFileType = text.xcconfig; name = "Pods-TuneMinderUITests.debug.xcconfig"; path = "Pods/Target Support Files/Pods-TuneMinderUITests/Pods-TuneMinderUITests.debug.xcconfig"; sourceTree = "<group>"; };
		DC58C0E21EE4BB0800CB57B1 /* TagsViewController.swift */ = {isa = PBXFileReference; fileEncoding = 4; lastKnownFileType = sourcecode.swift; path = TagsViewController.swift; sourceTree = "<group>"; };
		DC58C0E41EE4BC9400CB57B1 /* SettingsViewController.swift */ = {isa = PBXFileReference; fileEncoding = 4; lastKnownFileType = sourcecode.swift; path = SettingsViewController.swift; sourceTree = "<group>"; };
		DC9844141EDEAA8200065B8C /* TuneMinder.app */ = {isa = PBXFileReference; explicitFileType = wrapper.application; includeInIndex = 0; path = TuneMinder.app; sourceTree = BUILT_PRODUCTS_DIR; };
		DC9844171EDEAA8200065B8C /* AppDelegate.swift */ = {isa = PBXFileReference; lastKnownFileType = sourcecode.swift; path = AppDelegate.swift; sourceTree = "<group>"; };
		DC9844191EDEAA8200065B8C /* CameraViewController.swift */ = {isa = PBXFileReference; lastKnownFileType = sourcecode.swift; path = CameraViewController.swift; sourceTree = "<group>"; };
		DC98441B1EDEAA8200065B8C /* PhotosViewController.swift */ = {isa = PBXFileReference; lastKnownFileType = sourcecode.swift; path = PhotosViewController.swift; sourceTree = "<group>"; };
		DC98441E1EDEAA8200065B8C /* Base */ = {isa = PBXFileReference; lastKnownFileType = file.storyboard; name = Base; path = Base.lproj/Main.storyboard; sourceTree = "<group>"; };
		DC9844201EDEAA8200065B8C /* Assets.xcassets */ = {isa = PBXFileReference; lastKnownFileType = folder.assetcatalog; path = Assets.xcassets; sourceTree = "<group>"; };
		DC9844231EDEAA8200065B8C /* Base */ = {isa = PBXFileReference; lastKnownFileType = file.storyboard; name = Base; path = Base.lproj/LaunchScreen.storyboard; sourceTree = "<group>"; };
		DC9844251EDEAA8200065B8C /* Info.plist */ = {isa = PBXFileReference; lastKnownFileType = text.plist.xml; path = Info.plist; sourceTree = "<group>"; };
		DC98442A1EDEAA8200065B8C /* TuneMinderTests.xctest */ = {isa = PBXFileReference; explicitFileType = wrapper.cfbundle; includeInIndex = 0; path = TuneMinderTests.xctest; sourceTree = BUILT_PRODUCTS_DIR; };
		DC98442E1EDEAA8200065B8C /* TuneMinderTests.swift */ = {isa = PBXFileReference; lastKnownFileType = sourcecode.swift; path = TuneMinderTests.swift; sourceTree = "<group>"; };
		DC9844301EDEAA8200065B8C /* Info.plist */ = {isa = PBXFileReference; lastKnownFileType = text.plist.xml; path = Info.plist; sourceTree = "<group>"; };
		DC9844351EDEAA8200065B8C /* TuneMinderUITests.xctest */ = {isa = PBXFileReference; explicitFileType = wrapper.cfbundle; includeInIndex = 0; path = TuneMinderUITests.xctest; sourceTree = BUILT_PRODUCTS_DIR; };
		DC9844391EDEAA8200065B8C /* TuneMinderUITests.swift */ = {isa = PBXFileReference; lastKnownFileType = sourcecode.swift; path = TuneMinderUITests.swift; sourceTree = "<group>"; };
		DC98443B1EDEAA8200065B8C /* Info.plist */ = {isa = PBXFileReference; lastKnownFileType = text.plist.xml; path = Info.plist; sourceTree = "<group>"; };
		DC9844471EDFE97E00065B8C /* GoogleService-Info.plist */ = {isa = PBXFileReference; fileEncoding = 4; lastKnownFileType = text.plist.xml; path = "GoogleService-Info.plist"; sourceTree = "<group>"; };
		DCAA94AE1EECBF7300E93339 /* Model.xcdatamodel */ = {isa = PBXFileReference; lastKnownFileType = wrapper.xcdatamodel; path = Model.xcdatamodel; sourceTree = "<group>"; };
		DCAA94B01EEE0E4700E93339 /* DetailViewController.swift */ = {isa = PBXFileReference; fileEncoding = 4; lastKnownFileType = sourcecode.swift; path = DetailViewController.swift; sourceTree = "<group>"; };
		E1F320874431333AC89D08E3 /* Pods_TuneMinder.framework */ = {isa = PBXFileReference; explicitFileType = wrapper.framework; includeInIndex = 0; path = Pods_TuneMinder.framework; sourceTree = BUILT_PRODUCTS_DIR; };
		F065218C6A13CDF2134CE852 /* Pods-TuneMinderUITests.release.xcconfig */ = {isa = PBXFileReference; includeInIndex = 1; lastKnownFileType = text.xcconfig; name = "Pods-TuneMinderUITests.release.xcconfig"; path = "Pods/Target Support Files/Pods-TuneMinderUITests/Pods-TuneMinderUITests.release.xcconfig"; sourceTree = "<group>"; };
		F74FEF25133F561925F88D10 /* Pods_TuneMinderUITests.framework */ = {isa = PBXFileReference; explicitFileType = wrapper.framework; includeInIndex = 0; path = Pods_TuneMinderUITests.framework; sourceTree = BUILT_PRODUCTS_DIR; };
/* End PBXFileReference section */

/* Begin PBXFrameworksBuildPhase section */
		DC9844111EDEAA8200065B8C /* Frameworks */ = {
			isa = PBXFrameworksBuildPhase;
			buildActionMask = 2147483647;
			files = (
				BD539CF760A804EDF3DEBE5E /* Pods_TuneMinder.framework in Frameworks */,
			);
			runOnlyForDeploymentPostprocessing = 0;
		};
		DC9844271EDEAA8200065B8C /* Frameworks */ = {
			isa = PBXFrameworksBuildPhase;
			buildActionMask = 2147483647;
			files = (
				19D4CFF83089228A3DE627EB /* Pods_TuneMinderTests.framework in Frameworks */,
			);
			runOnlyForDeploymentPostprocessing = 0;
		};
		DC9844321EDEAA8200065B8C /* Frameworks */ = {
			isa = PBXFrameworksBuildPhase;
			buildActionMask = 2147483647;
			files = (
				C2BA37AA693625C236FD2652 /* Pods_TuneMinderUITests.framework in Frameworks */,
			);
			runOnlyForDeploymentPostprocessing = 0;
		};
/* End PBXFrameworksBuildPhase section */

/* Begin PBXGroup section */
		0532005CFCFD9ABE4B5BB212 /* Pods */ = {
			isa = PBXGroup;
			children = (
				67DE2C25F9B8F43EB2CE2B82 /* Pods-TuneMinder.debug.xcconfig */,
				8BA0D5D5D94B4C82C97D41DF /* Pods-TuneMinder.release.xcconfig */,
				26601CE0C425254F16898A4C /* Pods-TuneMinderTests.debug.xcconfig */,
				A7A9F5B1316F701F213BCAD1 /* Pods-TuneMinderTests.release.xcconfig */,
				CAA85466EAE44C88836BC832 /* Pods-TuneMinderUITests.debug.xcconfig */,
				F065218C6A13CDF2134CE852 /* Pods-TuneMinderUITests.release.xcconfig */,
			);
			name = Pods;
			sourceTree = "<group>";
		};
		5E5E1994EB0DE641B426E412 /* Frameworks */ = {
			isa = PBXGroup;
			children = (
				E1F320874431333AC89D08E3 /* Pods_TuneMinder.framework */,
				0D5A6EE888F0468C7B2CF587 /* Pods_TuneMinderTests.framework */,
				F74FEF25133F561925F88D10 /* Pods_TuneMinderUITests.framework */,
			);
			name = Frameworks;
			sourceTree = "<group>";
		};
		DC98440B1EDEAA8200065B8C = {
			isa = PBXGroup;
			children = (
				DC9844161EDEAA8200065B8C /* TuneMinder */,
				DC98442D1EDEAA8200065B8C /* TuneMinderTests */,
				DC9844381EDEAA8200065B8C /* TuneMinderUITests */,
				DC9844151EDEAA8200065B8C /* Products */,
				0532005CFCFD9ABE4B5BB212 /* Pods */,
				5E5E1994EB0DE641B426E412 /* Frameworks */,
			);
			sourceTree = "<group>";
		};
		DC9844151EDEAA8200065B8C /* Products */ = {
			isa = PBXGroup;
			children = (
				DC9844141EDEAA8200065B8C /* TuneMinder.app */,
				DC98442A1EDEAA8200065B8C /* TuneMinderTests.xctest */,
				DC9844351EDEAA8200065B8C /* TuneMinderUITests.xctest */,
			);
			name = Products;
			sourceTree = "<group>";
		};
		DC9844161EDEAA8200065B8C /* TuneMinder */ = {
			isa = PBXGroup;
			children = (
				DC9844171EDEAA8200065B8C /* AppDelegate.swift */,
				DCAA94AD1EECBF7300E93339 /* Model.xcdatamodeld */,
				DC9844191EDEAA8200065B8C /* CameraViewController.swift */,
				DC98441B1EDEAA8200065B8C /* PhotosViewController.swift */,
				DC58C0E41EE4BC9400CB57B1 /* SettingsViewController.swift */,
				DC58C0E21EE4BB0800CB57B1 /* TagsViewController.swift */,
				DC98441D1EDEAA8200065B8C /* Main.storyboard */,
				DC9844201EDEAA8200065B8C /* Assets.xcassets */,
				DC9844221EDEAA8200065B8C /* LaunchScreen.storyboard */,
				DC9844251EDEAA8200065B8C /* Info.plist */,
				DC9844471EDFE97E00065B8C /* GoogleService-Info.plist */,
				DCAA94B01EEE0E4700E93339 /* DetailViewController.swift */,
			);
			path = TuneMinder;
			sourceTree = "<group>";
		};
		DC98442D1EDEAA8200065B8C /* TuneMinderTests */ = {
			isa = PBXGroup;
			children = (
				DC98442E1EDEAA8200065B8C /* TuneMinderTests.swift */,
				DC9844301EDEAA8200065B8C /* Info.plist */,
			);
			path = TuneMinderTests;
			sourceTree = "<group>";
		};
		DC9844381EDEAA8200065B8C /* TuneMinderUITests */ = {
			isa = PBXGroup;
			children = (
				DC9844391EDEAA8200065B8C /* TuneMinderUITests.swift */,
				DC98443B1EDEAA8200065B8C /* Info.plist */,
			);
			path = TuneMinderUITests;
			sourceTree = "<group>";
		};
/* End PBXGroup section */

/* Begin PBXNativeTarget section */
		DC9844131EDEAA8200065B8C /* TuneMinder */ = {
			isa = PBXNativeTarget;
			buildConfigurationList = DC98443E1EDEAA8200065B8C /* Build configuration list for PBXNativeTarget "TuneMinder" */;
			buildPhases = (
				97289332842DEB24151233BE /* [CP] Check Pods Manifest.lock */,
				DC9844101EDEAA8200065B8C /* Sources */,
				DC9844111EDEAA8200065B8C /* Frameworks */,
				DC9844121EDEAA8200065B8C /* Resources */,
				098095BA1375AEADA71AC429 /* [CP] Embed Pods Frameworks */,
				277E8431ABFC26B95429EBD7 /* [CP] Copy Pods Resources */,
			);
			buildRules = (
			);
			dependencies = (
			);
			name = TuneMinder;
			productName = TuneMinder;
			productReference = DC9844141EDEAA8200065B8C /* TuneMinder.app */;
			productType = "com.apple.product-type.application";
		};
		DC9844291EDEAA8200065B8C /* TuneMinderTests */ = {
			isa = PBXNativeTarget;
			buildConfigurationList = DC9844411EDEAA8200065B8C /* Build configuration list for PBXNativeTarget "TuneMinderTests" */;
			buildPhases = (
				3EA03491A5D17D35CA2D7752 /* [CP] Check Pods Manifest.lock */,
				DC9844261EDEAA8200065B8C /* Sources */,
				DC9844271EDEAA8200065B8C /* Frameworks */,
				DC9844281EDEAA8200065B8C /* Resources */,
				0A29E3B9B548976CE0135816 /* [CP] Embed Pods Frameworks */,
				D93C373EDCC8D0F2A4CFC385 /* [CP] Copy Pods Resources */,
			);
			buildRules = (
			);
			dependencies = (
				DC98442C1EDEAA8200065B8C /* PBXTargetDependency */,
			);
			name = TuneMinderTests;
			productName = TuneMinderTests;
			productReference = DC98442A1EDEAA8200065B8C /* TuneMinderTests.xctest */;
			productType = "com.apple.product-type.bundle.unit-test";
		};
		DC9844341EDEAA8200065B8C /* TuneMinderUITests */ = {
			isa = PBXNativeTarget;
			buildConfigurationList = DC9844441EDEAA8200065B8C /* Build configuration list for PBXNativeTarget "TuneMinderUITests" */;
			buildPhases = (
				4274569A7B2821114491C6E3 /* [CP] Check Pods Manifest.lock */,
				DC9844311EDEAA8200065B8C /* Sources */,
				DC9844321EDEAA8200065B8C /* Frameworks */,
				DC9844331EDEAA8200065B8C /* Resources */,
				8B4C5B7BE916C6620252F068 /* [CP] Embed Pods Frameworks */,
				A4A322D787BBBB2F2C90CDC7 /* [CP] Copy Pods Resources */,
			);
			buildRules = (
			);
			dependencies = (
				DC9844371EDEAA8200065B8C /* PBXTargetDependency */,
			);
			name = TuneMinderUITests;
			productName = TuneMinderUITests;
			productReference = DC9844351EDEAA8200065B8C /* TuneMinderUITests.xctest */;
			productType = "com.apple.product-type.bundle.ui-testing";
		};
/* End PBXNativeTarget section */

/* Begin PBXProject section */
		DC98440C1EDEAA8200065B8C /* Project object */ = {
			isa = PBXProject;
			attributes = {
				LastSwiftUpdateCheck = 0830;
				LastUpgradeCheck = 0830;
				ORGANIZATIONNAME = "Omri Gazitt";
				TargetAttributes = {
					DC9844131EDEAA8200065B8C = {
						CreatedOnToolsVersion = 8.3.2;
						DevelopmentTeam = Z8TX832C98;
						ProvisioningStyle = Automatic;
					};
					DC9844291EDEAA8200065B8C = {
						CreatedOnToolsVersion = 8.3.2;
						DevelopmentTeam = Z8TX832C98;
						ProvisioningStyle = Automatic;
						TestTargetID = DC9844131EDEAA8200065B8C;
					};
					DC9844341EDEAA8200065B8C = {
						CreatedOnToolsVersion = 8.3.2;
						DevelopmentTeam = Z8TX832C98;
						ProvisioningStyle = Automatic;
						TestTargetID = DC9844131EDEAA8200065B8C;
					};
				};
			};
			buildConfigurationList = DC98440F1EDEAA8200065B8C /* Build configuration list for PBXProject "TuneMinder" */;
			compatibilityVersion = "Xcode 3.2";
			developmentRegion = English;
			hasScannedForEncodings = 0;
			knownRegions = (
				en,
				Base,
			);
			mainGroup = DC98440B1EDEAA8200065B8C;
			productRefGroup = DC9844151EDEAA8200065B8C /* Products */;
			projectDirPath = "";
			projectRoot = "";
			targets = (
				DC9844131EDEAA8200065B8C /* TuneMinder */,
				DC9844291EDEAA8200065B8C /* TuneMinderTests */,
				DC9844341EDEAA8200065B8C /* TuneMinderUITests */,
			);
		};
/* End PBXProject section */

/* Begin PBXResourcesBuildPhase section */
		DC9844121EDEAA8200065B8C /* Resources */ = {
			isa = PBXResourcesBuildPhase;
			buildActionMask = 2147483647;
			files = (
				DC9844241EDEAA8200065B8C /* LaunchScreen.storyboard in Resources */,
				DC9844481EDFE97E00065B8C /* GoogleService-Info.plist in Resources */,
				DC9844211EDEAA8200065B8C /* Assets.xcassets in Resources */,
				DC98441F1EDEAA8200065B8C /* Main.storyboard in Resources */,
			);
			runOnlyForDeploymentPostprocessing = 0;
		};
		DC9844281EDEAA8200065B8C /* Resources */ = {
			isa = PBXResourcesBuildPhase;
			buildActionMask = 2147483647;
			files = (
			);
			runOnlyForDeploymentPostprocessing = 0;
		};
		DC9844331EDEAA8200065B8C /* Resources */ = {
			isa = PBXResourcesBuildPhase;
			buildActionMask = 2147483647;
			files = (
			);
			runOnlyForDeploymentPostprocessing = 0;
		};
/* End PBXResourcesBuildPhase section */

/* Begin PBXShellScriptBuildPhase section */
		098095BA1375AEADA71AC429 /* [CP] Embed Pods Frameworks */ = {
			isa = PBXShellScriptBuildPhase;
			buildActionMask = 2147483647;
			files = (
			);
			inputPaths = (
			);
			name = "[CP] Embed Pods Frameworks";
			outputPaths = (
			);
			runOnlyForDeploymentPostprocessing = 0;
			shellPath = /bin/sh;
			shellScript = "\"${SRCROOT}/Pods/Target Support Files/Pods-TuneMinder/Pods-TuneMinder-frameworks.sh\"\n";
			showEnvVarsInLog = 0;
		};
		0A29E3B9B548976CE0135816 /* [CP] Embed Pods Frameworks */ = {
			isa = PBXShellScriptBuildPhase;
			buildActionMask = 2147483647;
			files = (
			);
			inputPaths = (
			);
			name = "[CP] Embed Pods Frameworks";
			outputPaths = (
			);
			runOnlyForDeploymentPostprocessing = 0;
			shellPath = /bin/sh;
			shellScript = "\"${SRCROOT}/Pods/Target Support Files/Pods-TuneMinderTests/Pods-TuneMinderTests-frameworks.sh\"\n";
			showEnvVarsInLog = 0;
		};
		277E8431ABFC26B95429EBD7 /* [CP] Copy Pods Resources */ = {
			isa = PBXShellScriptBuildPhase;
			buildActionMask = 2147483647;
			files = (
			);
			inputPaths = (
			);
			name = "[CP] Copy Pods Resources";
			outputPaths = (
			);
			runOnlyForDeploymentPostprocessing = 0;
			shellPath = /bin/sh;
			shellScript = "\"${SRCROOT}/Pods/Target Support Files/Pods-TuneMinder/Pods-TuneMinder-resources.sh\"\n";
			showEnvVarsInLog = 0;
		};
		3EA03491A5D17D35CA2D7752 /* [CP] Check Pods Manifest.lock */ = {
			isa = PBXShellScriptBuildPhase;
			buildActionMask = 2147483647;
			files = (
			);
			inputPaths = (
			);
			name = "[CP] Check Pods Manifest.lock";
			outputPaths = (
			);
			runOnlyForDeploymentPostprocessing = 0;
			shellPath = /bin/sh;
			shellScript = "diff \"${PODS_PODFILE_DIR_PATH}/Podfile.lock\" \"${PODS_ROOT}/Manifest.lock\" > /dev/null\nif [ $? != 0 ] ; then\n    # print error to STDERR\n    echo \"error: The sandbox is not in sync with the Podfile.lock. Run 'pod install' or update your CocoaPods installation.\" >&2\n    exit 1\nfi\n";
			showEnvVarsInLog = 0;
		};
		4274569A7B2821114491C6E3 /* [CP] Check Pods Manifest.lock */ = {
			isa = PBXShellScriptBuildPhase;
			buildActionMask = 2147483647;
			files = (
			);
			inputPaths = (
			);
			name = "[CP] Check Pods Manifest.lock";
			outputPaths = (
			);
			runOnlyForDeploymentPostprocessing = 0;
			shellPath = /bin/sh;
			shellScript = "diff \"${PODS_PODFILE_DIR_PATH}/Podfile.lock\" \"${PODS_ROOT}/Manifest.lock\" > /dev/null\nif [ $? != 0 ] ; then\n    # print error to STDERR\n    echo \"error: The sandbox is not in sync with the Podfile.lock. Run 'pod install' or update your CocoaPods installation.\" >&2\n    exit 1\nfi\n";
			showEnvVarsInLog = 0;
		};
		8B4C5B7BE916C6620252F068 /* [CP] Embed Pods Frameworks */ = {
			isa = PBXShellScriptBuildPhase;
			buildActionMask = 2147483647;
			files = (
			);
			inputPaths = (
			);
			name = "[CP] Embed Pods Frameworks";
			outputPaths = (
			);
			runOnlyForDeploymentPostprocessing = 0;
			shellPath = /bin/sh;
			shellScript = "\"${SRCROOT}/Pods/Target Support Files/Pods-TuneMinderUITests/Pods-TuneMinderUITests-frameworks.sh\"\n";
			showEnvVarsInLog = 0;
		};
		97289332842DEB24151233BE /* [CP] Check Pods Manifest.lock */ = {
			isa = PBXShellScriptBuildPhase;
			buildActionMask = 2147483647;
			files = (
			);
			inputPaths = (
			);
			name = "[CP] Check Pods Manifest.lock";
			outputPaths = (
			);
			runOnlyForDeploymentPostprocessing = 0;
			shellPath = /bin/sh;
			shellScript = "diff \"${PODS_PODFILE_DIR_PATH}/Podfile.lock\" \"${PODS_ROOT}/Manifest.lock\" > /dev/null\nif [ $? != 0 ] ; then\n    # print error to STDERR\n    echo \"error: The sandbox is not in sync with the Podfile.lock. Run 'pod install' or update your CocoaPods installation.\" >&2\n    exit 1\nfi\n";
			showEnvVarsInLog = 0;
		};
		A4A322D787BBBB2F2C90CDC7 /* [CP] Copy Pods Resources */ = {
			isa = PBXShellScriptBuildPhase;
			buildActionMask = 2147483647;
			files = (
			);
			inputPaths = (
			);
			name = "[CP] Copy Pods Resources";
			outputPaths = (
			);
			runOnlyForDeploymentPostprocessing = 0;
			shellPath = /bin/sh;
			shellScript = "\"${SRCROOT}/Pods/Target Support Files/Pods-TuneMinderUITests/Pods-TuneMinderUITests-resources.sh\"\n";
			showEnvVarsInLog = 0;
		};
		D93C373EDCC8D0F2A4CFC385 /* [CP] Copy Pods Resources */ = {
			isa = PBXShellScriptBuildPhase;
			buildActionMask = 2147483647;
			files = (
			);
			inputPaths = (
			);
			name = "[CP] Copy Pods Resources";
			outputPaths = (
			);
			runOnlyForDeploymentPostprocessing = 0;
			shellPath = /bin/sh;
			shellScript = "\"${SRCROOT}/Pods/Target Support Files/Pods-TuneMinderTests/Pods-TuneMinderTests-resources.sh\"\n";
			showEnvVarsInLog = 0;
		};
/* End PBXShellScriptBuildPhase section */

/* Begin PBXSourcesBuildPhase section */
		DC9844101EDEAA8200065B8C /* Sources */ = {
			isa = PBXSourcesBuildPhase;
			buildActionMask = 2147483647;
			files = (
				DC98441C1EDEAA8200065B8C /* PhotosViewController.swift in Sources */,
				DC58C0E31EE4BB0800CB57B1 /* TagsViewController.swift in Sources */,
				DC9844181EDEAA8200065B8C /* AppDelegate.swift in Sources */,
				DC58C0E51EE4BC9400CB57B1 /* SettingsViewController.swift in Sources */,
				DC98441A1EDEAA8200065B8C /* CameraViewController.swift in Sources */,
				DCAA94AF1EECBF7300E93339 /* Model.xcdatamodeld in Sources */,
				DCAA94B11EEE0E4700E93339 /* DetailViewController.swift in Sources */,
			);
			runOnlyForDeploymentPostprocessing = 0;
		};
		DC9844261EDEAA8200065B8C /* Sources */ = {
			isa = PBXSourcesBuildPhase;
			buildActionMask = 2147483647;
			files = (
				DC98442F1EDEAA8200065B8C /* TuneMinderTests.swift in Sources */,
			);
			runOnlyForDeploymentPostprocessing = 0;
		};
		DC9844311EDEAA8200065B8C /* Sources */ = {
			isa = PBXSourcesBuildPhase;
			buildActionMask = 2147483647;
			files = (
				DC98443A1EDEAA8200065B8C /* TuneMinderUITests.swift in Sources */,
			);
			runOnlyForDeploymentPostprocessing = 0;
		};
/* End PBXSourcesBuildPhase section */

/* Begin PBXTargetDependency section */
		DC98442C1EDEAA8200065B8C /* PBXTargetDependency */ = {
			isa = PBXTargetDependency;
			target = DC9844131EDEAA8200065B8C /* TuneMinder */;
			targetProxy = DC98442B1EDEAA8200065B8C /* PBXContainerItemProxy */;
		};
		DC9844371EDEAA8200065B8C /* PBXTargetDependency */ = {
			isa = PBXTargetDependency;
			target = DC9844131EDEAA8200065B8C /* TuneMinder */;
			targetProxy = DC9844361EDEAA8200065B8C /* PBXContainerItemProxy */;
		};
/* End PBXTargetDependency section */

/* Begin PBXVariantGroup section */
		DC98441D1EDEAA8200065B8C /* Main.storyboard */ = {
			isa = PBXVariantGroup;
			children = (
				DC98441E1EDEAA8200065B8C /* Base */,
			);
			name = Main.storyboard;
			sourceTree = "<group>";
		};
		DC9844221EDEAA8200065B8C /* LaunchScreen.storyboard */ = {
			isa = PBXVariantGroup;
			children = (
				DC9844231EDEAA8200065B8C /* Base */,
			);
			name = LaunchScreen.storyboard;
			sourceTree = "<group>";
		};
/* End PBXVariantGroup section */

/* Begin XCBuildConfiguration section */
		DC98443C1EDEAA8200065B8C /* Debug */ = {
			isa = XCBuildConfiguration;
			buildSettings = {
				ALWAYS_SEARCH_USER_PATHS = NO;
				CLANG_ANALYZER_NONNULL = YES;
				CLANG_ANALYZER_NUMBER_OBJECT_CONVERSION = YES_AGGRESSIVE;
				CLANG_CXX_LANGUAGE_STANDARD = "gnu++0x";
				CLANG_CXX_LIBRARY = "libc++";
				CLANG_ENABLE_MODULES = YES;
				CLANG_ENABLE_OBJC_ARC = YES;
				CLANG_WARN_BOOL_CONVERSION = YES;
				CLANG_WARN_CONSTANT_CONVERSION = YES;
				CLANG_WARN_DIRECT_OBJC_ISA_USAGE = YES_ERROR;
				CLANG_WARN_DOCUMENTATION_COMMENTS = YES;
				CLANG_WARN_EMPTY_BODY = YES;
				CLANG_WARN_ENUM_CONVERSION = YES;
				CLANG_WARN_INFINITE_RECURSION = YES;
				CLANG_WARN_INT_CONVERSION = YES;
				CLANG_WARN_OBJC_ROOT_CLASS = YES_ERROR;
				CLANG_WARN_SUSPICIOUS_MOVE = YES;
				CLANG_WARN_UNREACHABLE_CODE = YES;
				CLANG_WARN__DUPLICATE_METHOD_MATCH = YES;
				"CODE_SIGN_IDENTITY[sdk=iphoneos*]" = "iPhone Developer";
				COPY_PHASE_STRIP = NO;
				DEBUG_INFORMATION_FORMAT = dwarf;
				ENABLE_STRICT_OBJC_MSGSEND = YES;
				ENABLE_TESTABILITY = YES;
				GCC_C_LANGUAGE_STANDARD = gnu99;
				GCC_DYNAMIC_NO_PIC = NO;
				GCC_NO_COMMON_BLOCKS = YES;
				GCC_OPTIMIZATION_LEVEL = 0;
				GCC_PREPROCESSOR_DEFINITIONS = (
					"DEBUG=1",
					"$(inherited)",
				);
				GCC_WARN_64_TO_32_BIT_CONVERSION = YES;
				GCC_WARN_ABOUT_RETURN_TYPE = YES_ERROR;
				GCC_WARN_UNDECLARED_SELECTOR = YES;
				GCC_WARN_UNINITIALIZED_AUTOS = YES_AGGRESSIVE;
				GCC_WARN_UNUSED_FUNCTION = YES;
				GCC_WARN_UNUSED_VARIABLE = YES;
				IPHONEOS_DEPLOYMENT_TARGET = 10.3;
				MTL_ENABLE_DEBUG_INFO = YES;
				ONLY_ACTIVE_ARCH = YES;
				SDKROOT = iphoneos;
				SWIFT_ACTIVE_COMPILATION_CONDITIONS = DEBUG;
				SWIFT_OPTIMIZATION_LEVEL = "-Onone";
			};
			name = Debug;
		};
		DC98443D1EDEAA8200065B8C /* Release */ = {
			isa = XCBuildConfiguration;
			buildSettings = {
				ALWAYS_SEARCH_USER_PATHS = NO;
				CLANG_ANALYZER_NONNULL = YES;
				CLANG_ANALYZER_NUMBER_OBJECT_CONVERSION = YES_AGGRESSIVE;
				CLANG_CXX_LANGUAGE_STANDARD = "gnu++0x";
				CLANG_CXX_LIBRARY = "libc++";
				CLANG_ENABLE_MODULES = YES;
				CLANG_ENABLE_OBJC_ARC = YES;
				CLANG_WARN_BOOL_CONVERSION = YES;
				CLANG_WARN_CONSTANT_CONVERSION = YES;
				CLANG_WARN_DIRECT_OBJC_ISA_USAGE = YES_ERROR;
				CLANG_WARN_DOCUMENTATION_COMMENTS = YES;
				CLANG_WARN_EMPTY_BODY = YES;
				CLANG_WARN_ENUM_CONVERSION = YES;
				CLANG_WARN_INFINITE_RECURSION = YES;
				CLANG_WARN_INT_CONVERSION = YES;
				CLANG_WARN_OBJC_ROOT_CLASS = YES_ERROR;
				CLANG_WARN_SUSPICIOUS_MOVE = YES;
				CLANG_WARN_UNREACHABLE_CODE = YES;
				CLANG_WARN__DUPLICATE_METHOD_MATCH = YES;
				"CODE_SIGN_IDENTITY[sdk=iphoneos*]" = "iPhone Developer";
				COPY_PHASE_STRIP = NO;
				DEBUG_INFORMATION_FORMAT = "dwarf-with-dsym";
				ENABLE_NS_ASSERTIONS = NO;
				ENABLE_STRICT_OBJC_MSGSEND = YES;
				GCC_C_LANGUAGE_STANDARD = gnu99;
				GCC_NO_COMMON_BLOCKS = YES;
				GCC_WARN_64_TO_32_BIT_CONVERSION = YES;
				GCC_WARN_ABOUT_RETURN_TYPE = YES_ERROR;
				GCC_WARN_UNDECLARED_SELECTOR = YES;
				GCC_WARN_UNINITIALIZED_AUTOS = YES_AGGRESSIVE;
				GCC_WARN_UNUSED_FUNCTION = YES;
				GCC_WARN_UNUSED_VARIABLE = YES;
				IPHONEOS_DEPLOYMENT_TARGET = 10.3;
				MTL_ENABLE_DEBUG_INFO = NO;
				SDKROOT = iphoneos;
				SWIFT_OPTIMIZATION_LEVEL = "-Owholemodule";
				VALIDATE_PRODUCT = YES;
			};
			name = Release;
		};
		DC98443F1EDEAA8200065B8C /* Debug */ = {
			isa = XCBuildConfiguration;
			baseConfigurationReference = 67DE2C25F9B8F43EB2CE2B82 /* Pods-TuneMinder.debug.xcconfig */;
			buildSettings = {
				ASSETCATALOG_COMPILER_APPICON_NAME = AppIcon;
				DEVELOPMENT_TEAM = Z8TX832C98;
				INFOPLIST_FILE = TuneMinder/Info.plist;
				LD_RUNPATH_SEARCH_PATHS = "$(inherited) @executable_path/Frameworks";
				PRODUCT_BUNDLE_IDENTIFIER = com.omrigazitt.TuneMinder;
				PRODUCT_NAME = "$(TARGET_NAME)";
				SWIFT_VERSION = 3.0;
			};
			name = Debug;
		};
		DC9844401EDEAA8200065B8C /* Release */ = {
			isa = XCBuildConfiguration;
			baseConfigurationReference = 8BA0D5D5D94B4C82C97D41DF /* Pods-TuneMinder.release.xcconfig */;
			buildSettings = {
				ASSETCATALOG_COMPILER_APPICON_NAME = AppIcon;
				DEVELOPMENT_TEAM = Z8TX832C98;
				INFOPLIST_FILE = TuneMinder/Info.plist;
				LD_RUNPATH_SEARCH_PATHS = "$(inherited) @executable_path/Frameworks";
				PRODUCT_BUNDLE_IDENTIFIER = com.omrigazitt.TuneMinder;
				PRODUCT_NAME = "$(TARGET_NAME)";
				SWIFT_VERSION = 3.0;
			};
			name = Release;
		};
		DC9844421EDEAA8200065B8C /* Debug */ = {
			isa = XCBuildConfiguration;
			baseConfigurationReference = 26601CE0C425254F16898A4C /* Pods-TuneMinderTests.debug.xcconfig */;
			buildSettings = {
				ALWAYS_EMBED_SWIFT_STANDARD_LIBRARIES = YES;
				BUNDLE_LOADER = "$(TEST_HOST)";
				DEVELOPMENT_TEAM = Z8TX832C98;
				INFOPLIST_FILE = TuneMinderTests/Info.plist;
				LD_RUNPATH_SEARCH_PATHS = "$(inherited) @executable_path/Frameworks @loader_path/Frameworks";
				PRODUCT_BUNDLE_IDENTIFIER = com.omrigazitt.TuneMinderTests;
				PRODUCT_NAME = "$(TARGET_NAME)";
				SWIFT_VERSION = 3.0;
				TEST_HOST = "$(BUILT_PRODUCTS_DIR)/TuneMinder.app/TuneMinder";
			};
			name = Debug;
		};
		DC9844431EDEAA8200065B8C /* Release */ = {
			isa = XCBuildConfiguration;
			baseConfigurationReference = A7A9F5B1316F701F213BCAD1 /* Pods-TuneMinderTests.release.xcconfig */;
			buildSettings = {
				ALWAYS_EMBED_SWIFT_STANDARD_LIBRARIES = YES;
				BUNDLE_LOADER = "$(TEST_HOST)";
				DEVELOPMENT_TEAM = Z8TX832C98;
				INFOPLIST_FILE = TuneMinderTests/Info.plist;
				LD_RUNPATH_SEARCH_PATHS = "$(inherited) @executable_path/Frameworks @loader_path/Frameworks";
				PRODUCT_BUNDLE_IDENTIFIER = com.omrigazitt.TuneMinderTests;
				PRODUCT_NAME = "$(TARGET_NAME)";
				SWIFT_VERSION = 3.0;
				TEST_HOST = "$(BUILT_PRODUCTS_DIR)/TuneMinder.app/TuneMinder";
			};
			name = Release;
		};
		DC9844451EDEAA8200065B8C /* Debug */ = {
			isa = XCBuildConfiguration;
			baseConfigurationReference = CAA85466EAE44C88836BC832 /* Pods-TuneMinderUITests.debug.xcconfig */;
			buildSettings = {
				ALWAYS_EMBED_SWIFT_STANDARD_LIBRARIES = YES;
				DEVELOPMENT_TEAM = Z8TX832C98;
				INFOPLIST_FILE = TuneMinderUITests/Info.plist;
				LD_RUNPATH_SEARCH_PATHS = "$(inherited) @executable_path/Frameworks @loader_path/Frameworks";
				PRODUCT_BUNDLE_IDENTIFIER = com.omrigazitt.TuneMinderUITests;
				PRODUCT_NAME = "$(TARGET_NAME)";
				SWIFT_VERSION = 3.0;
				TEST_TARGET_NAME = TuneMinder;
			};
			name = Debug;
		};
		DC9844461EDEAA8200065B8C /* Release */ = {
			isa = XCBuildConfiguration;
			baseConfigurationReference = F065218C6A13CDF2134CE852 /* Pods-TuneMinderUITests.release.xcconfig */;
			buildSettings = {
				ALWAYS_EMBED_SWIFT_STANDARD_LIBRARIES = YES;
				DEVELOPMENT_TEAM = Z8TX832C98;
				INFOPLIST_FILE = TuneMinderUITests/Info.plist;
				LD_RUNPATH_SEARCH_PATHS = "$(inherited) @executable_path/Frameworks @loader_path/Frameworks";
				PRODUCT_BUNDLE_IDENTIFIER = com.omrigazitt.TuneMinderUITests;
				PRODUCT_NAME = "$(TARGET_NAME)";
				SWIFT_VERSION = 3.0;
				TEST_TARGET_NAME = TuneMinder;
			};
			name = Release;
		};
/* End XCBuildConfiguration section */

/* Begin XCConfigurationList section */
		DC98440F1EDEAA8200065B8C /* Build configuration list for PBXProject "TuneMinder" */ = {
			isa = XCConfigurationList;
			buildConfigurations = (
				DC98443C1EDEAA8200065B8C /* Debug */,
				DC98443D1EDEAA8200065B8C /* Release */,
			);
			defaultConfigurationIsVisible = 0;
			defaultConfigurationName = Release;
		};
		DC98443E1EDEAA8200065B8C /* Build configuration list for PBXNativeTarget "TuneMinder" */ = {
			isa = XCConfigurationList;
			buildConfigurations = (
				DC98443F1EDEAA8200065B8C /* Debug */,
				DC9844401EDEAA8200065B8C /* Release */,
			);
			defaultConfigurationIsVisible = 0;
			defaultConfigurationName = Release;
		};
		DC9844411EDEAA8200065B8C /* Build configuration list for PBXNativeTarget "TuneMinderTests" */ = {
			isa = XCConfigurationList;
			buildConfigurations = (
				DC9844421EDEAA8200065B8C /* Debug */,
				DC9844431EDEAA8200065B8C /* Release */,
			);
			defaultConfigurationIsVisible = 0;
			defaultConfigurationName = Release;
		};
		DC9844441EDEAA8200065B8C /* Build configuration list for PBXNativeTarget "TuneMinderUITests" */ = {
			isa = XCConfigurationList;
			buildConfigurations = (
				DC9844451EDEAA8200065B8C /* Debug */,
				DC9844461EDEAA8200065B8C /* Release */,
			);
			defaultConfigurationIsVisible = 0;
			defaultConfigurationName = Release;
		};
/* End XCConfigurationList section */

/* Begin XCVersionGroup section */
		DCAA94AD1EECBF7300E93339 /* Model.xcdatamodeld */ = {
			isa = XCVersionGroup;
			children = (
				DCAA94AE1EECBF7300E93339 /* Model.xcdatamodel */,
			);
			currentVersion = DCAA94AE1EECBF7300E93339 /* Model.xcdatamodel */;
			path = Model.xcdatamodeld;
			sourceTree = "<group>";
			versionGroupType = wrapper.xcdatamodel;
		};
/* End XCVersionGroup section */
	};
	rootObject = DC98440C1EDEAA8200065B8C /* Project object */;
}
